{
  "name": "qiunet_ts_utils",
  "version": "1.0.30",
  "lockfileVersion": 1,
  "requires": true,
  "dependencies": {
    "@types/crc": {
      "version": "3.4.0",
      "resolved": "https://registry.npmjs.org/@types/crc/-/crc-3.4.0.tgz",
      "integrity": "sha1-I2a+tDmc1zSzPkLHrICVduYX1Io=",
      "dev": true,
      "requires": {
        "@types/node": "9.4.7"
      }
    },
    "@types/node": {
      "version": "9.4.7",
      "resolved": "https://registry.npmjs.org/@types/node/-/node-9.4.7.tgz",
      "integrity": "sha512-4Ba90mWNx8ddbafuyGGwjkZMigi+AWfYLSDCpovwsE63ia8w93r3oJ8PIAQc3y8U+XHcnMOHPIzNe3o438Ywcw==",
      "dev": true
    },
    "@types/text-encoding": {
      "version": "0.0.32",
      "resolved": "https://registry.npmjs.org/@types/text-encoding/-/text-encoding-0.0.32.tgz",
      "integrity": "sha512-kQ79aFmYcD/DR3QKo6wXyvNrKi7PunY0KYTBUhHjHl0SXwWuLRl9Leh73YtnsSJMBi9qSiK+fxWhdJNQPbhc9A=="
    },
    "crc": {
      "version": "3.5.0",
      "resolved": "https://registry.npmjs.org/crc/-/crc-3.5.0.tgz",
      "integrity": "sha1-mLi6fUiWZbo5efWbITgTdBAaGWQ="
    },
    "text-encoding": {
      "version": "0.6.4",
      "resolved": "https://registry.npmjs.org/text-encoding/-/text-encoding-0.6.4.tgz",
      "integrity": "sha1-45mpgiV6J22uQou5KEXLcb3CbRk="
    }
  }
}
