{
  "name": "qiunet_ts_utils",
  "version": "1.0.36",
  "lockfileVersion": 1,
  "requires": true,
  "dependencies": {
    "@types/text-encoding": {
      "version": "0.0.32",
      "resolved": "https://registry.npmjs.org/@types/text-encoding/-/text-encoding-0.0.32.tgz",
      "integrity": "sha512-kQ79aFmYcD/DR3QKo6wXyvNrKi7PunY0KYTBUhHjHl0SXwWuLRl9Leh73YtnsSJMBi9qSiK+fxWhdJNQPbhc9A=="
    },
    "text-encoding": {
      "version": "0.6.4",
      "resolved": "https://registry.npmjs.org/text-encoding/-/text-encoding-0.6.4.tgz",
      "integrity": "sha1-45mpgiV6J22uQou5KEXLcb3CbRk="
    }
  }
}
