{
  "name": "qiunet_ts_utils",
  "version": "1.0.1",
  "lockfileVersion": 1,
  "requires": true,
  "dependencies": {
    "js-crc": {
      "version": "0.2.0",
      "resolved": "https://registry.npmjs.org/js-crc/-/js-crc-0.2.0.tgz",
      "integrity": "sha1-9yxcdhgXa/91zIEqHO2949jraDk="
    },
    "text-encoding": {
      "version": "0.6.4",
      "resolved": "https://registry.npmjs.org/text-encoding/-/text-encoding-0.6.4.tgz",
      "integrity": "sha1-45mpgiV6J22uQou5KEXLcb3CbRk="
    }
  }
}
